
Microsoft Visual Studio Solution File, Format Version 10.00
# Visual Studio 2008
Project("{2150E333-8FDC-42A3-9474-1A3956D46DE8}") = "Engine", "Engine", "{737B04C1-338C-4809-8584-CBAF5F47DE14}"
EndProject
Project("{2150E333-8FDC-42A3-9474-1A3956D46DE8}") = "Libs", "Libs", "{87DCAEC8-3CBD-4528-BB8E-303A77B78689}"
EndProject
Project("{2150E333-8FDC-42A3-9474-1A3956D46DE8}") = "Samples", "Samples", "{8B48F54D-4172-4808-ACCD-57CBA0648ECF}"
EndProject
Project("{8BC9CEB8-8B4A-11D0-8D11-00A0C91BC942}") = "Core", "Engine\Core\Core.vcproj", "{FE6B9A21-3121-4192-9956-63E1A08D8550}"
	ProjectSection(ProjectDependencies) = postProject
		{44641A5E-6DF5-4ADD-A7D1-9109B44B6771} = {44641A5E-6DF5-4ADD-A7D1-9109B44B6771}
	EndProjectSection
EndProject
Project("{8BC9CEB8-8B4A-11D0-8D11-00A0C91BC942}") = "DX11Renderer", "Engine\DX11Renderer\DX11Renderer.vcproj", "{24711160-C859-45A6-AD57-F45725F706D2}"
	ProjectSection(ProjectDependencies) = postProject
		{FE6B9A21-3121-4192-9956-63E1A08D8550} = {FE6B9A21-3121-4192-9956-63E1A08D8550}
		{DF460EAB-570D-4B50-9089-2E2FC801BF38} = {DF460EAB-570D-4B50-9089-2E2FC801BF38}
	EndProjectSection
EndProject
Project("{8BC9CEB8-8B4A-11D0-8D11-00A0C91BC942}") = "DX11_EffectLibrary", "Libraries\Effects11\Effects11_2008.vcproj", "{DF460EAB-570D-4B50-9089-2E2FC801BF38}"
EndProject
Project("{8BC9CEB8-8B4A-11D0-8D11-00A0C91BC942}") = "PreLightRenderer", "Samples\PreLightRenderer\PreLightRenderer.vcproj", "{AB2EF5C8-6254-4114-9887-E531B14DB785}"
	ProjectSection(ProjectDependencies) = postProject
		{FE6B9A21-3121-4192-9956-63E1A08D8550} = {FE6B9A21-3121-4192-9956-63E1A08D8550}
		{24711160-C859-45A6-AD57-F45725F706D2} = {24711160-C859-45A6-AD57-F45725F706D2}
	EndProjectSection
EndProject
Project("{8BC9CEB8-8B4A-11D0-8D11-00A0C91BC942}") = "EASTL", "Libraries\EASTL\EASTL.vcproj", "{44641A5E-6DF5-4ADD-A7D1-9109B44B6771}"
EndProject
Global
	GlobalSection(SolutionConfigurationPlatforms) = preSolution
		Debug|Win32 = Debug|Win32
		Debug|x64 = Debug|x64
		Release|Win32 = Release|Win32
		Release|x64 = Release|x64
	EndGlobalSection
	GlobalSection(ProjectConfigurationPlatforms) = postSolution
		{FE6B9A21-3121-4192-9956-63E1A08D8550}.Debug|Win32.ActiveCfg = Debug|Win32
		{FE6B9A21-3121-4192-9956-63E1A08D8550}.Debug|Win32.Build.0 = Debug|Win32
		{FE6B9A21-3121-4192-9956-63E1A08D8550}.Debug|x64.ActiveCfg = Debug|Win32
		{FE6B9A21-3121-4192-9956-63E1A08D8550}.Release|Win32.ActiveCfg = Release|Win32
		{FE6B9A21-3121-4192-9956-63E1A08D8550}.Release|Win32.Build.0 = Release|Win32
		{FE6B9A21-3121-4192-9956-63E1A08D8550}.Release|x64.ActiveCfg = Release|Win32
		{24711160-C859-45A6-AD57-F45725F706D2}.Debug|Win32.ActiveCfg = Debug|Win32
		{24711160-C859-45A6-AD57-F45725F706D2}.Debug|Win32.Build.0 = Debug|Win32
		{24711160-C859-45A6-AD57-F45725F706D2}.Debug|x64.ActiveCfg = Debug|Win32
		{24711160-C859-45A6-AD57-F45725F706D2}.Release|Win32.ActiveCfg = Release|Win32
		{24711160-C859-45A6-AD57-F45725F706D2}.Release|Win32.Build.0 = Release|Win32
		{24711160-C859-45A6-AD57-F45725F706D2}.Release|x64.ActiveCfg = Release|Win32
		{DF460EAB-570D-4B50-9089-2E2FC801BF38}.Debug|Win32.ActiveCfg = Debug|Win32
		{DF460EAB-570D-4B50-9089-2E2FC801BF38}.Debug|Win32.Build.0 = Debug|Win32
		{DF460EAB-570D-4B50-9089-2E2FC801BF38}.Debug|x64.ActiveCfg = Debug|x64
		{DF460EAB-570D-4B50-9089-2E2FC801BF38}.Debug|x64.Build.0 = Debug|x64
		{DF460EAB-570D-4B50-9089-2E2FC801BF38}.Release|Win32.ActiveCfg = Release|Win32
		{DF460EAB-570D-4B50-9089-2E2FC801BF38}.Release|Win32.Build.0 = Release|Win32
		{DF460EAB-570D-4B50-9089-2E2FC801BF38}.Release|x64.ActiveCfg = Release|x64
		{DF460EAB-570D-4B50-9089-2E2FC801BF38}.Release|x64.Build.0 = Release|x64
		{AB2EF5C8-6254-4114-9887-E531B14DB785}.Debug|Win32.ActiveCfg = Debug|Win32
		{AB2EF5C8-6254-4114-9887-E531B14DB785}.Debug|Win32.Build.0 = Debug|Win32
		{AB2EF5C8-6254-4114-9887-E531B14DB785}.Debug|x64.ActiveCfg = Debug|Win32
		{AB2EF5C8-6254-4114-9887-E531B14DB785}.Release|Win32.ActiveCfg = Release|Win32
		{AB2EF5C8-6254-4114-9887-E531B14DB785}.Release|Win32.Build.0 = Release|Win32
		{AB2EF5C8-6254-4114-9887-E531B14DB785}.Release|x64.ActiveCfg = Release|Win32
		{44641A5E-6DF5-4ADD-A7D1-9109B44B6771}.Debug|Win32.ActiveCfg = Debug|Win32
		{44641A5E-6DF5-4ADD-A7D1-9109B44B6771}.Debug|Win32.Build.0 = Debug|Win32
		{44641A5E-6DF5-4ADD-A7D1-9109B44B6771}.Debug|x64.ActiveCfg = Debug|Win32
		{44641A5E-6DF5-4ADD-A7D1-9109B44B6771}.Release|Win32.ActiveCfg = Release|Win32
		{44641A5E-6DF5-4ADD-A7D1-9109B44B6771}.Release|Win32.Build.0 = Release|Win32
		{44641A5E-6DF5-4ADD-A7D1-9109B44B6771}.Release|x64.ActiveCfg = Release|Win32
	EndGlobalSection
	GlobalSection(SolutionProperties) = preSolution
		HideSolutionNode = FALSE
	EndGlobalSection
	GlobalSection(NestedProjects) = preSolution
		{FE6B9A21-3121-4192-9956-63E1A08D8550} = {737B04C1-338C-4809-8584-CBAF5F47DE14}
		{24711160-C859-45A6-AD57-F45725F706D2} = {737B04C1-338C-4809-8584-CBAF5F47DE14}
		{DF460EAB-570D-4B50-9089-2E2FC801BF38} = {87DCAEC8-3CBD-4528-BB8E-303A77B78689}
		{44641A5E-6DF5-4ADD-A7D1-9109B44B6771} = {87DCAEC8-3CBD-4528-BB8E-303A77B78689}
		{AB2EF5C8-6254-4114-9887-E531B14DB785} = {8B48F54D-4172-4808-ACCD-57CBA0648ECF}
	EndGlobalSection
EndGlobal
